{
  "name": "com.ihongqiqu.test.js.date",
  "version": "1.0.0",
  "lockfileVersion": 1,
  "requires": true,
  "dependencies": {
    "com.ihongqiqu.js.date": {
      "version": "1.0.1",
      "resolved": "https://registry.npmjs.org/com.ihongqiqu.js.date/-/com.ihongqiqu.js.date-1.0.1.tgz",
      "integrity": "sha512-x+AsdFivMLU/1HbbEorosx8sfO9SS43+DzCAL00JDRR6ovYGNKC0KFIxNew0eb9jJA6rAsYCsQrZtMnSpcaHBA=="
    }
  }
}
