{
  "name": "com.ihongqiqu.test.js.type",
  "version": "1.0.0",
  "lockfileVersion": 1,
  "requires": true,
  "dependencies": {
    "com.ihongqiqu.js.type": {
      "version": "1.0.2",
      "resolved": "https://registry.npmjs.org/com.ihongqiqu.js.type/-/com.ihongqiqu.js.type-1.0.2.tgz",
      "integrity": "sha512-yJbygWS0bdmgzmjkferDw/WnYLnl+a6YtjDfY5JjFbTVJrWzNbOJylqiTUmv/RoC05OHMo/RkSioxyeVNSnuQQ=="
    }
  }
}
