{
  "name": "com.ihongqiqu.js.test.base",
  "version": "1.0.0",
  "lockfileVersion": 1,
  "requires": true,
  "dependencies": {
    "com.ihongqiqu.js.base": {
      "version": "1.0.0",
      "resolved": "https://registry.npmjs.org/com.ihongqiqu.js.base/-/com.ihongqiqu.js.base-1.0.0.tgz",
      "integrity": "sha512-V/5gE4XxRZ40x1Ye9yDRR38K9hQJPNONSrJ+P56IrHu2xNB74QN7LUJDeW8QKcwO7hJoGPcYL7ejKshmiKaEHQ=="
    }
  }
}
