{
  "requires": true,
  "lockfileVersion": 1,
  "dependencies": {
    "com.ihongqiqu.js.array": {
      "version": "1.0.1",
      "resolved": "http://registry.npm.taobao.org/com.ihongqiqu.js.array/download/com.ihongqiqu.js.array-1.0.1.tgz",
      "integrity": "sha1-UO2/EOfQKLdnKIOv9+9PQTar4LA="
    }
  }
}
